// !$*UTF8*$!
{
	archiveVersion = 1;
	classes = {
	};
	objectVersion = 56;
	objects = {

/* Begin PBXBuildFile section */
		04AFC8DD2B304453007706C7 /* UserDatas+CoreDataClass.swift in Sources */ = {isa = PBXBuildFile; fileRef = 04AFC8DB2B304452007706C7 /* UserDatas+CoreDataClass.swift */; };
		04AFC8DE2B304453007706C7 /* UserDatas+CoreDataProperties.swift in Sources */ = {isa = PBXBuildFile; fileRef = 04AFC8DC2B304453007706C7 /* UserDatas+CoreDataProperties.swift */; };
		04AFC8E32B304B4A007706C7 /* GameDatas+CoreDataClass.swift in Sources */ = {isa = PBXBuildFile; fileRef = 04AFC8E12B304B4A007706C7 /* GameDatas+CoreDataClass.swift */; };
		04AFC8E42B304B4A007706C7 /* GameDatas+CoreDataProperties.swift in Sources */ = {isa = PBXBuildFile; fileRef = 04AFC8E22B304B4A007706C7 /* GameDatas+CoreDataProperties.swift */; };
		04BC42702B21E5E100910166 /* AppDelegate.swift in Sources */ = {isa = PBXBuildFile; fileRef = 04BC426F2B21E5E100910166 /* AppDelegate.swift */; };
		04BC42722B21E5E100910166 /* SceneDelegate.swift in Sources */ = {isa = PBXBuildFile; fileRef = 04BC42712B21E5E100910166 /* SceneDelegate.swift */; };
		04BC42742B21E5E100910166 /* ViewController.swift in Sources */ = {isa = PBXBuildFile; fileRef = 04BC42732B21E5E100910166 /* ViewController.swift */; };
		04BC42772B21E5E100910166 /* Main.storyboard in Resources */ = {isa = PBXBuildFile; fileRef = 04BC42752B21E5E100910166 /* Main.storyboard */; };
		04BC427C2B21E5E400910166 /* Assets.xcassets in Resources */ = {isa = PBXBuildFile; fileRef = 04BC427B2B21E5E400910166 /* Assets.xcassets */; };
		04BC427F2B21E5E400910166 /* LaunchScreen.storyboard in Resources */ = {isa = PBXBuildFile; fileRef = 04BC427D2B21E5E400910166 /* LaunchScreen.storyboard */; };
		04BC42882B21EAC000910166 /* LoginViewController.swift in Sources */ = {isa = PBXBuildFile; fileRef = 04BC42872B21EAC000910166 /* LoginViewController.swift */; };
		04BC428C2B21FAD000910166 /* RegisterViewController.swift in Sources */ = {isa = PBXBuildFile; fileRef = 04BC428B2B21FAD000910166 /* RegisterViewController.swift */; };
		04CE2EE62B30730A00E618C0 /* CartViewController.swift in Sources */ = {isa = PBXBuildFile; fileRef = 04CE2EE52B30730A00E618C0 /* CartViewController.swift */; };
		04CE2EE82B3074BE00E618C0 /* CartTableViewCell.swift in Sources */ = {isa = PBXBuildFile; fileRef = 04CE2EE72B3074BE00E618C0 /* CartTableViewCell.swift */; };
		04CE2EEA2B3075B400E618C0 /* CartItem.swift in Sources */ = {isa = PBXBuildFile; fileRef = 04CE2EE92B3075B400E618C0 /* CartItem.swift */; };
		04CE2EED2B30797D00E618C0 /* CartDatas+CoreDataClass.swift in Sources */ = {isa = PBXBuildFile; fileRef = 04CE2EEB2B30797D00E618C0 /* CartDatas+CoreDataClass.swift */; };
		04CE2EEE2B30797D00E618C0 /* CartDatas+CoreDataProperties.swift in Sources */ = {isa = PBXBuildFile; fileRef = 04CE2EEC2B30797D00E618C0 /* CartDatas+CoreDataProperties.swift */; };
		04CE2EF02B30839800E618C0 /* AdminViewController.swift in Sources */ = {isa = PBXBuildFile; fileRef = 04CE2EEF2B30839800E618C0 /* AdminViewController.swift */; };
		04CE2EF42B30BEA400E618C0 /* AdminTableViewCell.swift in Sources */ = {isa = PBXBuildFile; fileRef = 04CE2EF32B30BEA400E618C0 /* AdminTableViewCell.swift */; };
		04CE2EF62B30BEBD00E618C0 /* AdminListViewController.swift in Sources */ = {isa = PBXBuildFile; fileRef = 04CE2EF52B30BEBD00E618C0 /* AdminListViewController.swift */; };
		4B72ADBA2B3147C000EA71F5 /* AdminEditGameViewController.swift in Sources */ = {isa = PBXBuildFile; fileRef = 4B72ADB92B3147C000EA71F5 /* AdminEditGameViewController.swift */; };
		4B72ADBC2B316BF900EA71F5 /* GameDataManager.swift in Sources */ = {isa = PBXBuildFile; fileRef = 4B72ADBB2B316BF900EA71F5 /* GameDataManager.swift */; };
		4B78515D2B2F5E5500DA9AD8 /* GameDetailViewController.swift in Sources */ = {isa = PBXBuildFile; fileRef = 4B78515C2B2F5E5500DA9AD8 /* GameDetailViewController.swift */; };
		4B7851622B2F60F600DA9AD8 /* UIViewController+Extensions.swift in Sources */ = {isa = PBXBuildFile; fileRef = 4B7851612B2F60F600DA9AD8 /* UIViewController+Extensions.swift */; };
		4B78516B2B2F791100DA9AD8 /* GameListTableViewCell.swift in Sources */ = {isa = PBXBuildFile; fileRef = 4B7851692B2F791100DA9AD8 /* GameListTableViewCell.swift */; };
		4B78516C2B2F791100DA9AD8 /* GameListTableViewCell.xib in Resources */ = {isa = PBXBuildFile; fileRef = 4B78516A2B2F791100DA9AD8 /* GameListTableViewCell.xib */; };
		4B78516E2B2F7B8F00DA9AD8 /* ListGamesViewController.swift in Sources */ = {isa = PBXBuildFile; fileRef = 4B78516D2B2F7B8F00DA9AD8 /* ListGamesViewController.swift */; };
		4B8110CA2B2EFD1E00266AE5 /* HomeViewController.swift in Sources */ = {isa = PBXBuildFile; fileRef = 4B8110C92B2EFD1E00266AE5 /* HomeViewController.swift */; };
		4B8110D52B2F000B00266AE5 /* CategoryCollectionViewCell.swift in Sources */ = {isa = PBXBuildFile; fileRef = 4B8110D32B2F000B00266AE5 /* CategoryCollectionViewCell.swift */; };
		4B8110D62B2F000B00266AE5 /* CategoryCollectionViewCell.xib in Resources */ = {isa = PBXBuildFile; fileRef = 4B8110D42B2F000B00266AE5 /* CategoryCollectionViewCell.xib */; };
		4B8110D92B2F00A200266AE5 /* GameCategory.swift in Sources */ = {isa = PBXBuildFile; fileRef = 4B8110D82B2F00A200266AE5 /* GameCategory.swift */; };
		4B8110DC2B2F039D00266AE5 /* UIView+Extensions.swift in Sources */ = {isa = PBXBuildFile; fileRef = 4B8110DB2B2F039D00266AE5 /* UIView+Extensions.swift */; };
		4B8110DF2B2F03FE00266AE5 /* CardView.swift in Sources */ = {isa = PBXBuildFile; fileRef = 4B8110DE2B2F03FE00266AE5 /* CardView.swift */; };
		4BC6557F2B2FE992007C1B28 /* GameHI1.xcdatamodeld in Sources */ = {isa = PBXBuildFile; fileRef = 4BC6557D2B2FE992007C1B28 /* GameHI1.xcdatamodeld */; };
		4BF6C9602B2F37DE00535D39 /* Game.swift in Sources */ = {isa = PBXBuildFile; fileRef = 4BF6C95F2B2F37DE00535D39 /* Game.swift */; };
		4BF6C9622B2F3D5100535D39 /* TopGrossingTableViewCell.swift in Sources */ = {isa = PBXBuildFile; fileRef = 4BF6C9612B2F3D5100535D39 /* TopGrossingTableViewCell.swift */; };
/* End PBXBuildFile section */

/* Begin PBXFileReference section */
		04AFC8DB2B304452007706C7 /* UserDatas+CoreDataClass.swift */ = {isa = PBXFileReference; lastKnownFileType = sourcecode.swift; path = "UserDatas+CoreDataClass.swift"; sourceTree = "<group>"; };
		04AFC8DC2B304453007706C7 /* UserDatas+CoreDataProperties.swift */ = {isa = PBXFileReference; lastKnownFileType = sourcecode.swift; path = "UserDatas+CoreDataProperties.swift"; sourceTree = "<group>"; };
		04AFC8E12B304B4A007706C7 /* GameDatas+CoreDataClass.swift */ = {isa = PBXFileReference; lastKnownFileType = sourcecode.swift; path = "GameDatas+CoreDataClass.swift"; sourceTree = "<group>"; };
		04AFC8E22B304B4A007706C7 /* GameDatas+CoreDataProperties.swift */ = {isa = PBXFileReference; lastKnownFileType = sourcecode.swift; path = "GameDatas+CoreDataProperties.swift"; sourceTree = "<group>"; };
		04BC426C2B21E5E100910166 /* GameHI1.app */ = {isa = PBXFileReference; explicitFileType = wrapper.application; includeInIndex = 0; path = GameHI1.app; sourceTree = BUILT_PRODUCTS_DIR; };
		04BC426F2B21E5E100910166 /* AppDelegate.swift */ = {isa = PBXFileReference; lastKnownFileType = sourcecode.swift; path = AppDelegate.swift; sourceTree = "<group>"; };
		04BC42712B21E5E100910166 /* SceneDelegate.swift */ = {isa = PBXFileReference; lastKnownFileType = sourcecode.swift; path = SceneDelegate.swift; sourceTree = "<group>"; };
		04BC42732B21E5E100910166 /* ViewController.swift */ = {isa = PBXFileReference; lastKnownFileType = sourcecode.swift; path = ViewController.swift; sourceTree = "<group>"; };
		04BC42762B21E5E100910166 /* Base */ = {isa = PBXFileReference; lastKnownFileType = file.storyboard; name = Base; path = Base.lproj/Main.storyboard; sourceTree = "<group>"; };
		04BC427B2B21E5E400910166 /* Assets.xcassets */ = {isa = PBXFileReference; lastKnownFileType = folder.assetcatalog; path = Assets.xcassets; sourceTree = "<group>"; };
		04BC427E2B21E5E400910166 /* Base */ = {isa = PBXFileReference; lastKnownFileType = file.storyboard; name = Base; path = Base.lproj/LaunchScreen.storyboard; sourceTree = "<group>"; };
		04BC42802B21E5E400910166 /* Info.plist */ = {isa = PBXFileReference; lastKnownFileType = text.plist.xml; path = Info.plist; sourceTree = "<group>"; };
		04BC42872B21EAC000910166 /* LoginViewController.swift */ = {isa = PBXFileReference; lastKnownFileType = sourcecode.swift; path = LoginViewController.swift; sourceTree = "<group>"; };
		04BC428B2B21FAD000910166 /* RegisterViewController.swift */ = {isa = PBXFileReference; lastKnownFileType = sourcecode.swift; path = RegisterViewController.swift; sourceTree = "<group>"; };
		04CE2EE52B30730A00E618C0 /* CartViewController.swift */ = {isa = PBXFileReference; lastKnownFileType = sourcecode.swift; path = CartViewController.swift; sourceTree = "<group>"; };
		04CE2EE72B3074BE00E618C0 /* CartTableViewCell.swift */ = {isa = PBXFileReference; lastKnownFileType = sourcecode.swift; path = CartTableViewCell.swift; sourceTree = "<group>"; };
		04CE2EE92B3075B400E618C0 /* CartItem.swift */ = {isa = PBXFileReference; lastKnownFileType = sourcecode.swift; path = CartItem.swift; sourceTree = "<group>"; };
		04CE2EEB2B30797D00E618C0 /* CartDatas+CoreDataClass.swift */ = {isa = PBXFileReference; lastKnownFileType = sourcecode.swift; path = "CartDatas+CoreDataClass.swift"; sourceTree = "<group>"; };
		04CE2EEC2B30797D00E618C0 /* CartDatas+CoreDataProperties.swift */ = {isa = PBXFileReference; lastKnownFileType = sourcecode.swift; path = "CartDatas+CoreDataProperties.swift"; sourceTree = "<group>"; };
		04CE2EEF2B30839800E618C0 /* AdminViewController.swift */ = {isa = PBXFileReference; lastKnownFileType = sourcecode.swift; path = AdminViewController.swift; sourceTree = "<group>"; };
		04CE2EF32B30BEA400E618C0 /* AdminTableViewCell.swift */ = {isa = PBXFileReference; lastKnownFileType = sourcecode.swift; path = AdminTableViewCell.swift; sourceTree = "<group>"; };
		04CE2EF52B30BEBD00E618C0 /* AdminListViewController.swift */ = {isa = PBXFileReference; lastKnownFileType = sourcecode.swift; path = AdminListViewController.swift; sourceTree = "<group>"; };
		4B72ADB92B3147C000EA71F5 /* AdminEditGameViewController.swift */ = {isa = PBXFileReference; lastKnownFileType = sourcecode.swift; path = AdminEditGameViewController.swift; sourceTree = "<group>"; };
		4B72ADBB2B316BF900EA71F5 /* GameDataManager.swift */ = {isa = PBXFileReference; lastKnownFileType = sourcecode.swift; path = GameDataManager.swift; sourceTree = "<group>"; };
		4B78515C2B2F5E5500DA9AD8 /* GameDetailViewController.swift */ = {isa = PBXFileReference; lastKnownFileType = sourcecode.swift; path = GameDetailViewController.swift; sourceTree = "<group>"; };
		4B7851612B2F60F600DA9AD8 /* UIViewController+Extensions.swift */ = {isa = PBXFileReference; lastKnownFileType = sourcecode.swift; path = "UIViewController+Extensions.swift"; sourceTree = "<group>"; };
		4B7851692B2F791100DA9AD8 /* GameListTableViewCell.swift */ = {isa = PBXFileReference; lastKnownFileType = sourcecode.swift; path = GameListTableViewCell.swift; sourceTree = "<group>"; };
		4B78516A2B2F791100DA9AD8 /* GameListTableViewCell.xib */ = {isa = PBXFileReference; lastKnownFileType = file.xib; path = GameListTableViewCell.xib; sourceTree = "<group>"; };
		4B78516D2B2F7B8F00DA9AD8 /* ListGamesViewController.swift */ = {isa = PBXFileReference; lastKnownFileType = sourcecode.swift; path = ListGamesViewController.swift; sourceTree = "<group>"; };
		4B8110C92B2EFD1E00266AE5 /* HomeViewController.swift */ = {isa = PBXFileReference; lastKnownFileType = sourcecode.swift; path = HomeViewController.swift; sourceTree = "<group>"; };
		4B8110D32B2F000B00266AE5 /* CategoryCollectionViewCell.swift */ = {isa = PBXFileReference; lastKnownFileType = sourcecode.swift; path = CategoryCollectionViewCell.swift; sourceTree = "<group>"; };
		4B8110D42B2F000B00266AE5 /* CategoryCollectionViewCell.xib */ = {isa = PBXFileReference; lastKnownFileType = file.xib; path = CategoryCollectionViewCell.xib; sourceTree = "<group>"; };
		4B8110D82B2F00A200266AE5 /* GameCategory.swift */ = {isa = PBXFileReference; lastKnownFileType = sourcecode.swift; path = GameCategory.swift; sourceTree = "<group>"; };
		4B8110DB2B2F039D00266AE5 /* UIView+Extensions.swift */ = {isa = PBXFileReference; lastKnownFileType = sourcecode.swift; path = "UIView+Extensions.swift"; sourceTree = "<group>"; };
		4B8110DE2B2F03FE00266AE5 /* CardView.swift */ = {isa = PBXFileReference; lastKnownFileType = sourcecode.swift; path = CardView.swift; sourceTree = "<group>"; };
		4BC6557E2B2FE992007C1B28 /* GameHI1.xcdatamodel */ = {isa = PBXFileReference; lastKnownFileType = wrapper.xcdatamodel; path = GameHI1.xcdatamodel; sourceTree = "<group>"; };
		4BF6C95F2B2F37DE00535D39 /* Game.swift */ = {isa = PBXFileReference; lastKnownFileType = sourcecode.swift; path = Game.swift; sourceTree = "<group>"; };
		4BF6C9612B2F3D5100535D39 /* TopGrossingTableViewCell.swift */ = {isa = PBXFileReference; lastKnownFileType = sourcecode.swift; path = TopGrossingTableViewCell.swift; sourceTree = "<group>"; };
/* End PBXFileReference section */

/* Begin PBXFrameworksBuildPhase section */
		04BC42692B21E5E100910166 /* Frameworks */ = {
			isa = PBXFrameworksBuildPhase;
			buildActionMask = 2147483647;
			files = (
			);
			runOnlyForDeploymentPostprocessing = 0;
		};
/* End PBXFrameworksBuildPhase section */

/* Begin PBXGroup section */
		04BC42632B21E5E100910166 = {
			isa = PBXGroup;
			children = (
				04BC426E2B21E5E100910166 /* GameHI1 */,
				04BC426D2B21E5E100910166 /* Products */,
			);
			sourceTree = "<group>";
		};
		04BC426D2B21E5E100910166 /* Products */ = {
			isa = PBXGroup;
			children = (
				04BC426C2B21E5E100910166 /* GameHI1.app */,
			);
			name = Products;
			sourceTree = "<group>";
		};
		04BC426E2B21E5E100910166 /* GameHI1 */ = {
			isa = PBXGroup;
			children = (
				4B2922812B30923D00565386 /* DataProccess */,
				4B8110DA2B2F037E00266AE5 /* Extensions */,
				4B8110D72B2F008F00266AE5 /* Models */,
				4B8110CC2B2EFEC900266AE5 /* CustomViews */,
				04BC42862B21E60700910166 /* Views */,
				04BC426F2B21E5E100910166 /* AppDelegate.swift */,
				04BC42712B21E5E100910166 /* SceneDelegate.swift */,
				04BC42732B21E5E100910166 /* ViewController.swift */,
				04BC42752B21E5E100910166 /* Main.storyboard */,
				04BC427B2B21E5E400910166 /* Assets.xcassets */,
				04BC427D2B21E5E400910166 /* LaunchScreen.storyboard */,
				04BC42802B21E5E400910166 /* Info.plist */,
				4BC6557D2B2FE992007C1B28 /* GameHI1.xcdatamodeld */,
			);
			path = GameHI1;
			sourceTree = "<group>";
		};
		04BC42862B21E60700910166 /* Views */ = {
			isa = PBXGroup;
			children = (
				04BC42872B21EAC000910166 /* LoginViewController.swift */,
				04BC428B2B21FAD000910166 /* RegisterViewController.swift */,
				4B8110C92B2EFD1E00266AE5 /* HomeViewController.swift */,
				4B78515C2B2F5E5500DA9AD8 /* GameDetailViewController.swift */,
				4B78516D2B2F7B8F00DA9AD8 /* ListGamesViewController.swift */,
				04CE2EE52B30730A00E618C0 /* CartViewController.swift */,
				04CE2EEF2B30839800E618C0 /* AdminViewController.swift */,
				04CE2EF52B30BEBD00E618C0 /* AdminListViewController.swift */,
				4B72ADB92B3147C000EA71F5 /* AdminEditGameViewController.swift */,
				4B72ADBB2B316BF900EA71F5 /* GameDataManager.swift */,
			);
			path = Views;
			sourceTree = "<group>";
		};
		4B2922812B30923D00565386 /* DataProccess */ = {
			isa = PBXGroup;
			children = (
				04CE2EEB2B30797D00E618C0 /* CartDatas+CoreDataClass.swift */,
				04CE2EEC2B30797D00E618C0 /* CartDatas+CoreDataProperties.swift */,
				04AFC8E12B304B4A007706C7 /* GameDatas+CoreDataClass.swift */,
				04AFC8E22B304B4A007706C7 /* GameDatas+CoreDataProperties.swift */,
				04AFC8DB2B304452007706C7 /* UserDatas+CoreDataClass.swift */,
				04AFC8DC2B304453007706C7 /* UserDatas+CoreDataProperties.swift */,
			);
			path = DataProccess;
			sourceTree = "<group>";
		};
		4B8110CC2B2EFEC900266AE5 /* CustomViews */ = {
			isa = PBXGroup;
			children = (
				4BF6C9582B2F1B7800535D39 /* TableView */,
				4B8110DD2B2F03EF00266AE5 /* CardView */,
				4B8110CD2B2EFED200266AE5 /* CollectionView */,
			);
			path = CustomViews;
			sourceTree = "<group>";
		};
		4B8110CD2B2EFED200266AE5 /* CollectionView */ = {
			isa = PBXGroup;
			children = (
				4B8110CE2B2EFED900266AE5 /* CategoryCollectionView */,
			);
			path = CollectionView;
			sourceTree = "<group>";
		};
		4B8110CE2B2EFED900266AE5 /* CategoryCollectionView */ = {
			isa = PBXGroup;
			children = (
				4B8110D32B2F000B00266AE5 /* CategoryCollectionViewCell.swift */,
				4B8110D42B2F000B00266AE5 /* CategoryCollectionViewCell.xib */,
			);
			path = CategoryCollectionView;
			sourceTree = "<group>";
		};
		4B8110D72B2F008F00266AE5 /* Models */ = {
			isa = PBXGroup;
			children = (
				4B8110D82B2F00A200266AE5 /* GameCategory.swift */,
				4BF6C95F2B2F37DE00535D39 /* Game.swift */,
				04CE2EE92B3075B400E618C0 /* CartItem.swift */,
			);
			path = Models;
			sourceTree = "<group>";
		};
		4B8110DA2B2F037E00266AE5 /* Extensions */ = {
			isa = PBXGroup;
			children = (
				4B8110DB2B2F039D00266AE5 /* UIView+Extensions.swift */,
				4B7851612B2F60F600DA9AD8 /* UIViewController+Extensions.swift */,
			);
			path = Extensions;
			sourceTree = "<group>";
		};
		4B8110DD2B2F03EF00266AE5 /* CardView */ = {
			isa = PBXGroup;
			children = (
				4B8110DE2B2F03FE00266AE5 /* CardView.swift */,
			);
			path = CardView;
			sourceTree = "<group>";
		};
		4BF6C9582B2F1B7800535D39 /* TableView */ = {
			isa = PBXGroup;
			children = (
				4BF6C9612B2F3D5100535D39 /* TopGrossingTableViewCell.swift */,
				4B7851692B2F791100DA9AD8 /* GameListTableViewCell.swift */,
				4B78516A2B2F791100DA9AD8 /* GameListTableViewCell.xib */,
				04CE2EE72B3074BE00E618C0 /* CartTableViewCell.swift */,
				04CE2EF32B30BEA400E618C0 /* AdminTableViewCell.swift */,
			);
			path = TableView;
			sourceTree = "<group>";
		};
/* End PBXGroup section */

/* Begin PBXNativeTarget section */
		04BC426B2B21E5E100910166 /* GameHI1 */ = {
			isa = PBXNativeTarget;
			buildConfigurationList = 04BC42832B21E5E400910166 /* Build configuration list for PBXNativeTarget "GameHI1" */;
			buildPhases = (
				04BC42682B21E5E100910166 /* Sources */,
				04BC42692B21E5E100910166 /* Frameworks */,
				04BC426A2B21E5E100910166 /* Resources */,
			);
			buildRules = (
			);
			dependencies = (
			);
			name = GameHI1;
			productName = GameHI1;
			productReference = 04BC426C2B21E5E100910166 /* GameHI1.app */;
			productType = "com.apple.product-type.application";
		};
/* End PBXNativeTarget section */

/* Begin PBXProject section */
		04BC42642B21E5E100910166 /* Project object */ = {
			isa = PBXProject;
			attributes = {
				BuildIndependentTargetsInParallel = 1;
				LastSwiftUpdateCheck = 1430;
				LastUpgradeCheck = 1430;
				TargetAttributes = {
					04BC426B2B21E5E100910166 = {
						CreatedOnToolsVersion = 14.3.1;
					};
				};
			};
			buildConfigurationList = 04BC42672B21E5E100910166 /* Build configuration list for PBXProject "GameHI1" */;
			compatibilityVersion = "Xcode 14.0";
			developmentRegion = en;
			hasScannedForEncodings = 0;
			knownRegions = (
				en,
				Base,
			);
			mainGroup = 04BC42632B21E5E100910166;
			productRefGroup = 04BC426D2B21E5E100910166 /* Products */;
			projectDirPath = "";
			projectRoot = "";
			targets = (
				04BC426B2B21E5E100910166 /* GameHI1 */,
			);
		};
/* End PBXProject section */

/* Begin PBXResourcesBuildPhase section */
		04BC426A2B21E5E100910166 /* Resources */ = {
			isa = PBXResourcesBuildPhase;
			buildActionMask = 2147483647;
			files = (
				04BC427F2B21E5E400910166 /* LaunchScreen.storyboard in Resources */,
				4B8110D62B2F000B00266AE5 /* CategoryCollectionViewCell.xib in Resources */,
				04BC427C2B21E5E400910166 /* Assets.xcassets in Resources */,
				4B78516C2B2F791100DA9AD8 /* GameListTableViewCell.xib in Resources */,
				04BC42772B21E5E100910166 /* Main.storyboard in Resources */,
			);
			runOnlyForDeploymentPostprocessing = 0;
		};
/* End PBXResourcesBuildPhase section */

/* Begin PBXSourcesBuildPhase section */
		04BC42682B21E5E100910166 /* Sources */ = {
			isa = PBXSourcesBuildPhase;
			buildActionMask = 2147483647;
			files = (
				4B78516E2B2F7B8F00DA9AD8 /* ListGamesViewController.swift in Sources */,
				04AFC8E42B304B4A007706C7 /* GameDatas+CoreDataProperties.swift in Sources */,
				4B72ADBC2B316BF900EA71F5 /* GameDataManager.swift in Sources */,
				4B8110D52B2F000B00266AE5 /* CategoryCollectionViewCell.swift in Sources */,
				4B8110DC2B2F039D00266AE5 /* UIView+Extensions.swift in Sources */,
				04AFC8DE2B304453007706C7 /* UserDatas+CoreDataProperties.swift in Sources */,
				04BC42742B21E5E100910166 /* ViewController.swift in Sources */,
				4B78516B2B2F791100DA9AD8 /* GameListTableViewCell.swift in Sources */,
				04CE2EF62B30BEBD00E618C0 /* AdminListViewController.swift in Sources */,
				4B8110D92B2F00A200266AE5 /* GameCategory.swift in Sources */,
				04AFC8DD2B304453007706C7 /* UserDatas+CoreDataClass.swift in Sources */,
				4B72ADBA2B3147C000EA71F5 /* AdminEditGameViewController.swift in Sources */,
				04BC42702B21E5E100910166 /* AppDelegate.swift in Sources */,
				04CE2EEA2B3075B400E618C0 /* CartItem.swift in Sources */,
				04CE2EF42B30BEA400E618C0 /* AdminTableViewCell.swift in Sources */,
				04BC428C2B21FAD000910166 /* RegisterViewController.swift in Sources */,
				04CE2EED2B30797D00E618C0 /* CartDatas+CoreDataClass.swift in Sources */,
				4B7851622B2F60F600DA9AD8 /* UIViewController+Extensions.swift in Sources */,
				4BF6C9602B2F37DE00535D39 /* Game.swift in Sources */,
				04BC42882B21EAC000910166 /* LoginViewController.swift in Sources */,
				4B8110CA2B2EFD1E00266AE5 /* HomeViewController.swift in Sources */,
				04CE2EE82B3074BE00E618C0 /* CartTableViewCell.swift in Sources */,
				04CE2EF02B30839800E618C0 /* AdminViewController.swift in Sources */,
				4B8110DF2B2F03FE00266AE5 /* CardView.swift in Sources */,
				04BC42722B21E5E100910166 /* SceneDelegate.swift in Sources */,
				04AFC8E32B304B4A007706C7 /* GameDatas+CoreDataClass.swift in Sources */,
				04CE2EE62B30730A00E618C0 /* CartViewController.swift in Sources */,
				4BC6557F2B2FE992007C1B28 /* GameHI1.xcdatamodeld in Sources */,
				04CE2EEE2B30797D00E618C0 /* CartDatas+CoreDataProperties.swift in Sources */,
				4BF6C9622B2F3D5100535D39 /* TopGrossingTableViewCell.swift in Sources */,
				4B78515D2B2F5E5500DA9AD8 /* GameDetailViewController.swift in Sources */,
			);
			runOnlyForDeploymentPostprocessing = 0;
		};
/* End PBXSourcesBuildPhase section */

/* Begin PBXVariantGroup section */
		04BC42752B21E5E100910166 /* Main.storyboard */ = {
			isa = PBXVariantGroup;
			children = (
				04BC42762B21E5E100910166 /* Base */,
			);
			name = Main.storyboard;
			sourceTree = "<group>";
		};
		04BC427D2B21E5E400910166 /* LaunchScreen.storyboard */ = {
			isa = PBXVariantGroup;
			children = (
				04BC427E2B21E5E400910166 /* Base */,
			);
			name = LaunchScreen.storyboard;
			sourceTree = "<group>";
		};
/* End PBXVariantGroup section */

/* Begin XCBuildConfiguration section */
		04BC42812B21E5E400910166 /* Debug */ = {
			isa = XCBuildConfiguration;
			buildSettings = {
				ALWAYS_SEARCH_USER_PATHS = NO;
				CLANG_ANALYZER_NONNULL = YES;
				CLANG_ANALYZER_NUMBER_OBJECT_CONVERSION = YES_AGGRESSIVE;
				CLANG_CXX_LANGUAGE_STANDARD = "gnu++20";
				CLANG_ENABLE_MODULES = YES;
				CLANG_ENABLE_OBJC_ARC = YES;
				CLANG_ENABLE_OBJC_WEAK = YES;
				CLANG_WARN_BLOCK_CAPTURE_AUTORELEASING = YES;
				CLANG_WARN_BOOL_CONVERSION = YES;
				CLANG_WARN_COMMA = YES;
				CLANG_WARN_CONSTANT_CONVERSION = YES;
				CLANG_WARN_DEPRECATED_OBJC_IMPLEMENTATIONS = YES;
				CLANG_WARN_DIRECT_OBJC_ISA_USAGE = YES_ERROR;
				CLANG_WARN_DOCUMENTATION_COMMENTS = YES;
				CLANG_WARN_EMPTY_BODY = YES;
				CLANG_WARN_ENUM_CONVERSION = YES;
				CLANG_WARN_INFINITE_RECURSION = YES;
				CLANG_WARN_INT_CONVERSION = YES;
				CLANG_WARN_NON_LITERAL_NULL_CONVERSION = YES;
				CLANG_WARN_OBJC_IMPLICIT_RETAIN_SELF = YES;
				CLANG_WARN_OBJC_LITERAL_CONVERSION = YES;
				CLANG_WARN_OBJC_ROOT_CLASS = YES_ERROR;
				CLANG_WARN_QUOTED_INCLUDE_IN_FRAMEWORK_HEADER = YES;
				CLANG_WARN_RANGE_LOOP_ANALYSIS = YES;
				CLANG_WARN_STRICT_PROTOTYPES = YES;
				CLANG_WARN_SUSPICIOUS_MOVE = YES;
				CLANG_WARN_UNGUARDED_AVAILABILITY = YES_AGGRESSIVE;
				CLANG_WARN_UNREACHABLE_CODE = YES;
				CLANG_WARN__DUPLICATE_METHOD_MATCH = YES;
				COPY_PHASE_STRIP = NO;
				DEBUG_INFORMATION_FORMAT = dwarf;
				ENABLE_STRICT_OBJC_MSGSEND = YES;
				ENABLE_TESTABILITY = YES;
				GCC_C_LANGUAGE_STANDARD = gnu11;
				GCC_DYNAMIC_NO_PIC = NO;
				GCC_NO_COMMON_BLOCKS = YES;
				GCC_OPTIMIZATION_LEVEL = 0;
				GCC_PREPROCESSOR_DEFINITIONS = (
					"DEBUG=1",
					"$(inherited)",
				);
				GCC_WARN_64_TO_32_BIT_CONVERSION = YES;
				GCC_WARN_ABOUT_RETURN_TYPE = YES_ERROR;
				GCC_WARN_UNDECLARED_SELECTOR = YES;
				GCC_WARN_UNINITIALIZED_AUTOS = YES_AGGRESSIVE;
				GCC_WARN_UNUSED_FUNCTION = YES;
				GCC_WARN_UNUSED_VARIABLE = YES;
				IPHONEOS_DEPLOYMENT_TARGET = 16.4;
				MTL_ENABLE_DEBUG_INFO = INCLUDE_SOURCE;
				MTL_FAST_MATH = YES;
				ONLY_ACTIVE_ARCH = YES;
				SDKROOT = iphoneos;
				SWIFT_ACTIVE_COMPILATION_CONDITIONS = DEBUG;
				SWIFT_OPTIMIZATION_LEVEL = "-Onone";
			};
			name = Debug;
		};
		04BC42822B21E5E400910166 /* Release */ = {
			isa = XCBuildConfiguration;
			buildSettings = {
				ALWAYS_SEARCH_USER_PATHS = NO;
				CLANG_ANALYZER_NONNULL = YES;
				CLANG_ANALYZER_NUMBER_OBJECT_CONVERSION = YES_AGGRESSIVE;
				CLANG_CXX_LANGUAGE_STANDARD = "gnu++20";
				CLANG_ENABLE_MODULES = YES;
				CLANG_ENABLE_OBJC_ARC = YES;
				CLANG_ENABLE_OBJC_WEAK = YES;
				CLANG_WARN_BLOCK_CAPTURE_AUTORELEASING = YES;
				CLANG_WARN_BOOL_CONVERSION = YES;
				CLANG_WARN_COMMA = YES;
				CLANG_WARN_CONSTANT_CONVERSION = YES;
				CLANG_WARN_DEPRECATED_OBJC_IMPLEMENTATIONS = YES;
				CLANG_WARN_DIRECT_OBJC_ISA_USAGE = YES_ERROR;
				CLANG_WARN_DOCUMENTATION_COMMENTS = YES;
				CLANG_WARN_EMPTY_BODY = YES;
				CLANG_WARN_ENUM_CONVERSION = YES;
				CLANG_WARN_INFINITE_RECURSION = YES;
				CLANG_WARN_INT_CONVERSION = YES;
				CLANG_WARN_NON_LITERAL_NULL_CONVERSION = YES;
				CLANG_WARN_OBJC_IMPLICIT_RETAIN_SELF = YES;
				CLANG_WARN_OBJC_LITERAL_CONVERSION = YES;
				CLANG_WARN_OBJC_ROOT_CLASS = YES_ERROR;
				CLANG_WARN_QUOTED_INCLUDE_IN_FRAMEWORK_HEADER = YES;
				CLANG_WARN_RANGE_LOOP_ANALYSIS = YES;
				CLANG_WARN_STRICT_PROTOTYPES = YES;
				CLANG_WARN_SUSPICIOUS_MOVE = YES;
				CLANG_WARN_UNGUARDED_AVAILABILITY = YES_AGGRESSIVE;
				CLANG_WARN_UNREACHABLE_CODE = YES;
				CLANG_WARN__DUPLICATE_METHOD_MATCH = YES;
				COPY_PHASE_STRIP = NO;
				DEBUG_INFORMATION_FORMAT = "dwarf-with-dsym";
				ENABLE_NS_ASSERTIONS = NO;
				ENABLE_STRICT_OBJC_MSGSEND = YES;
				GCC_C_LANGUAGE_STANDARD = gnu11;
				GCC_NO_COMMON_BLOCKS = YES;
				GCC_WARN_64_TO_32_BIT_CONVERSION = YES;
				GCC_WARN_ABOUT_RETURN_TYPE = YES_ERROR;
				GCC_WARN_UNDECLARED_SELECTOR = YES;
				GCC_WARN_UNINITIALIZED_AUTOS = YES_AGGRESSIVE;
				GCC_WARN_UNUSED_FUNCTION = YES;
				GCC_WARN_UNUSED_VARIABLE = YES;
				IPHONEOS_DEPLOYMENT_TARGET = 16.4;
				MTL_ENABLE_DEBUG_INFO = NO;
				MTL_FAST_MATH = YES;
				SDKROOT = iphoneos;
				SWIFT_COMPILATION_MODE = wholemodule;
				SWIFT_OPTIMIZATION_LEVEL = "-O";
				VALIDATE_PRODUCT = YES;
			};
			name = Release;
		};
		04BC42842B21E5E400910166 /* Debug */ = {
			isa = XCBuildConfiguration;
			buildSettings = {
				ASSETCATALOG_COMPILER_APPICON_NAME = AppIcon;
				ASSETCATALOG_COMPILER_GLOBAL_ACCENT_COLOR_NAME = AccentColor;
				CODE_SIGN_STYLE = Automatic;
				CURRENT_PROJECT_VERSION = 1;
				GENERATE_INFOPLIST_FILE = YES;
				INFOPLIST_FILE = GameHI1/Info.plist;
				INFOPLIST_KEY_UIApplicationSupportsIndirectInputEvents = YES;
				INFOPLIST_KEY_UILaunchStoryboardName = LaunchScreen;
				INFOPLIST_KEY_UIMainStoryboardFile = Main;
				INFOPLIST_KEY_UISupportedInterfaceOrientations_iPad = "UIInterfaceOrientationPortrait UIInterfaceOrientationPortraitUpsideDown UIInterfaceOrientationLandscapeLeft UIInterfaceOrientationLandscapeRight";
				INFOPLIST_KEY_UISupportedInterfaceOrientations_iPhone = "UIInterfaceOrientationPortrait UIInterfaceOrientationLandscapeLeft UIInterfaceOrientationLandscapeRight";
				IPHONEOS_DEPLOYMENT_TARGET = 16.1;
				LD_RUNPATH_SEARCH_PATHS = (
					"$(inherited)",
					"@executable_path/Frameworks",
				);
				MARKETING_VERSION = 1.0;
				PRODUCT_BUNDLE_IDENTIFIER = com.binus.GameHI1;
				PRODUCT_NAME = "$(TARGET_NAME)";
				SWIFT_EMIT_LOC_STRINGS = YES;
				SWIFT_VERSION = 5.0;
				TARGETED_DEVICE_FAMILY = "1,2";
			};
			name = Debug;
		};
		04BC42852B21E5E400910166 /* Release */ = {
			isa = XCBuildConfiguration;
			buildSettings = {
				ASSETCATALOG_COMPILER_APPICON_NAME = AppIcon;
				ASSETCATALOG_COMPILER_GLOBAL_ACCENT_COLOR_NAME = AccentColor;
				CODE_SIGN_STYLE = Automatic;
				CURRENT_PROJECT_VERSION = 1;
				GENERATE_INFOPLIST_FILE = YES;
				INFOPLIST_FILE = GameHI1/Info.plist;
				INFOPLIST_KEY_UIApplicationSupportsIndirectInputEvents = YES;
				INFOPLIST_KEY_UILaunchStoryboardName = LaunchScreen;
				INFOPLIST_KEY_UIMainStoryboardFile = Main;
				INFOPLIST_KEY_UISupportedInterfaceOrientations_iPad = "UIInterfaceOrientationPortrait UIInterfaceOrientationPortraitUpsideDown UIInterfaceOrientationLandscapeLeft UIInterfaceOrientationLandscapeRight";
				INFOPLIST_KEY_UISupportedInterfaceOrientations_iPhone = "UIInterfaceOrientationPortrait UIInterfaceOrientationLandscapeLeft UIInterfaceOrientationLandscapeRight";
				IPHONEOS_DEPLOYMENT_TARGET = 16.1;
				LD_RUNPATH_SEARCH_PATHS = (
					"$(inherited)",
					"@executable_path/Frameworks",
				);
				MARKETING_VERSION = 1.0;
				PRODUCT_BUNDLE_IDENTIFIER = com.binus.GameHI1;
				PRODUCT_NAME = "$(TARGET_NAME)";
				SWIFT_EMIT_LOC_STRINGS = YES;
				SWIFT_VERSION = 5.0;
				TARGETED_DEVICE_FAMILY = "1,2";
			};
			name = Release;
		};
/* End XCBuildConfiguration section */

/* Begin XCConfigurationList section */
		04BC42672B21E5E100910166 /* Build configuration list for PBXProject "GameHI1" */ = {
			isa = XCConfigurationList;
			buildConfigurations = (
				04BC42812B21E5E400910166 /* Debug */,
				04BC42822B21E5E400910166 /* Release */,
			);
			defaultConfigurationIsVisible = 0;
			defaultConfigurationName = Release;
		};
		04BC42832B21E5E400910166 /* Build configuration list for PBXNativeTarget "GameHI1" */ = {
			isa = XCConfigurationList;
			buildConfigurations = (
				04BC42842B21E5E400910166 /* Debug */,
				04BC42852B21E5E400910166 /* Release */,
			);
			defaultConfigurationIsVisible = 0;
			defaultConfigurationName = Release;
		};
/* End XCConfigurationList section */

/* Begin XCVersionGroup section */
		4BC6557D2B2FE992007C1B28 /* GameHI1.xcdatamodeld */ = {
			isa = XCVersionGroup;
			children = (
				4BC6557E2B2FE992007C1B28 /* GameHI1.xcdatamodel */,
			);
			currentVersion = 4BC6557E2B2FE992007C1B28 /* GameHI1.xcdatamodel */;
			path = GameHI1.xcdatamodeld;
			sourceTree = "<group>";
			versionGroupType = wrapper.xcdatamodel;
		};
/* End XCVersionGroup section */
	};
	rootObject = 04BC42642B21E5E100910166 /* Project object */;
}
